
Microsoft Visual Studio Solution File, Format Version 12.00
# Visual Studio Version 17
VisualStudioVersion = 17.3.32901.215
MinimumVisualStudioVersion = 10.0.40219.1
Project("{9A19103F-16F7-4668-BE54-9A1E7A4F7556}") = "PL", "PL\PL.csproj", "{A2764317-D6AB-4AD3-B827-0ADA804149C3}"
EndProject
Project("{9A19103F-16F7-4668-BE54-9A1E7A4F7556}") = "DAL", "DAL\DAL.csproj", "{0342FCEA-9CE7-40C5-95F2-DDED19DE910F}"
EndProject
Project("{9A19103F-16F7-4668-BE54-9A1E7A4F7556}") = "BLL", "BLL\BLL.csproj", "{D8DCF25A-148F-482E-9AB5-29A68BE7D724}"
EndProject
Global
	GlobalSection(SolutionConfigurationPlatforms) = preSolution
		Debug|Any CPU = Debug|Any CPU
		Release|Any CPU = Release|Any CPU
	EndGlobalSection
	GlobalSection(ProjectConfigurationPlatforms) = postSolution
		{A2764317-D6AB-4AD3-B827-0ADA804149C3}.Debug|Any CPU.ActiveCfg = Debug|Any CPU
		{A2764317-D6AB-4AD3-B827-0ADA804149C3}.Debug|Any CPU.Build.0 = Debug|Any CPU
		{A2764317-D6AB-4AD3-B827-0ADA804149C3}.Release|Any CPU.ActiveCfg = Release|Any CPU
		{A2764317-D6AB-4AD3-B827-0ADA804149C3}.Release|Any CPU.Build.0 = Release|Any CPU
		{0342FCEA-9CE7-40C5-95F2-DDED19DE910F}.Debug|Any CPU.ActiveCfg = Debug|Any CPU
		{0342FCEA-9CE7-40C5-95F2-DDED19DE910F}.Debug|Any CPU.Build.0 = Debug|Any CPU
		{0342FCEA-9CE7-40C5-95F2-DDED19DE910F}.Release|Any CPU.ActiveCfg = Release|Any CPU
		{0342FCEA-9CE7-40C5-95F2-DDED19DE910F}.Release|Any CPU.Build.0 = Release|Any CPU
		{D8DCF25A-148F-482E-9AB5-29A68BE7D724}.Debug|Any CPU.ActiveCfg = Debug|Any CPU
		{D8DCF25A-148F-482E-9AB5-29A68BE7D724}.Debug|Any CPU.Build.0 = Debug|Any CPU
		{D8DCF25A-148F-482E-9AB5-29A68BE7D724}.Release|Any CPU.ActiveCfg = Release|Any CPU
		{D8DCF25A-148F-482E-9AB5-29A68BE7D724}.Release|Any CPU.Build.0 = Release|Any CPU
	EndGlobalSection
	GlobalSection(SolutionProperties) = preSolution
		HideSolutionNode = FALSE
	EndGlobalSection
	GlobalSection(ExtensibilityGlobals) = postSolution
		SolutionGuid = {7BF0E8B7-51DA-4B81-9528-8548534490CB}
	EndGlobalSection
EndGlobal
